// !$*UTF8*$!
{
	archiveVersion = 1;
	classes = {
	};
	objectVersion = 46;
	objects = {

/* Begin PBXBuildFile section */
		0E54E4817E9BC3B5D8C5D666 /* Pods_ORHS_Interact.framework in Frameworks */ = {isa = PBXBuildFile; fileRef = C22B89D04ECB3DA7CC430964 /* Pods_ORHS_Interact.framework */; };
		56336E0D1CFE866600D3442B /* Roboto-Regular.ttf in Resources */ = {isa = PBXBuildFile; fileRef = 56336E0C1CFE866600D3442B /* Roboto-Regular.ttf */; };
		5663652C1D331F8200788F86 /* CustomNavigation.swift in Sources */ = {isa = PBXBuildFile; fileRef = 5663652B1D331F8200788F86 /* CustomNavigation.swift */; };
		5665133C1D358763001FD463 /* Event.swift in Sources */ = {isa = PBXBuildFile; fileRef = 5665133B1D358763001FD463 /* Event.swift */; };
		5665133E1D358886001FD463 /* EventListCell.swift in Sources */ = {isa = PBXBuildFile; fileRef = 5665133D1D358886001FD463 /* EventListCell.swift */; };
		5665278D1D3ABF1D0060198A /* EventsTableViewController.swift in Sources */ = {isa = PBXBuildFile; fileRef = 5665278C1D3ABF1D0060198A /* EventsTableViewController.swift */; };
		568928D61D3405E400D94DD2 /* SpreadsheetIntegration.swift in Sources */ = {isa = PBXBuildFile; fileRef = 568928D51D3405E400D94DD2 /* SpreadsheetIntegration.swift */; };
		568F31E31D2B0E3B00AFDEB8 /* InfoViewController.swift in Sources */ = {isa = PBXBuildFile; fileRef = 568F31E21D2B0E3B00AFDEB8 /* InfoViewController.swift */; };
		5697303B1D1357CF00B9592C /* GoogleService-Info.plist in Resources */ = {isa = PBXBuildFile; fileRef = 5697303A1D1357CF00B9592C /* GoogleService-Info.plist */; };
		5697303C1D1357F100B9592C /* GoogleService-Info.plist in Resources */ = {isa = PBXBuildFile; fileRef = 5697303A1D1357CF00B9592C /* GoogleService-Info.plist */; };
		5697303D1D1357F200B9592C /* GoogleService-Info.plist in Resources */ = {isa = PBXBuildFile; fileRef = 5697303A1D1357CF00B9592C /* GoogleService-Info.plist */; };
		569B93591D2EF1B2005C52E1 /* StyleButton.swift in Sources */ = {isa = PBXBuildFile; fileRef = 569B93581D2EF1B2005C52E1 /* StyleButton.swift */; };
		569B935B1D2EF85D005C52E1 /* ImageExtension.swift in Sources */ = {isa = PBXBuildFile; fileRef = 569B935A1D2EF85D005C52E1 /* ImageExtension.swift */; };
		56A937601D2763D100269A5B /* HomeViewController.swift in Sources */ = {isa = PBXBuildFile; fileRef = 56A9375F1D2763D100269A5B /* HomeViewController.swift */; };
		56A937641D27657300269A5B /* TabBarControllerSwipeExtension.swift in Sources */ = {isa = PBXBuildFile; fileRef = 56A937631D27657300269A5B /* TabBarControllerSwipeExtension.swift */; };
		56FF34D91CFE7A5A00B6CE0E /* AppDelegate.swift in Sources */ = {isa = PBXBuildFile; fileRef = 56FF34D81CFE7A5A00B6CE0E /* AppDelegate.swift */; };
		56FF34DB1CFE7A5A00B6CE0E /* ViewController.swift in Sources */ = {isa = PBXBuildFile; fileRef = 56FF34DA1CFE7A5A00B6CE0E /* ViewController.swift */; };
		56FF34DE1CFE7A5A00B6CE0E /* Main.storyboard in Resources */ = {isa = PBXBuildFile; fileRef = 56FF34DC1CFE7A5A00B6CE0E /* Main.storyboard */; };
		56FF34E01CFE7A5A00B6CE0E /* Assets.xcassets in Resources */ = {isa = PBXBuildFile; fileRef = 56FF34DF1CFE7A5A00B6CE0E /* Assets.xcassets */; };
		56FF34E31CFE7A5A00B6CE0E /* LaunchScreen.storyboard in Resources */ = {isa = PBXBuildFile; fileRef = 56FF34E11CFE7A5A00B6CE0E /* LaunchScreen.storyboard */; };
		56FF34EE1CFE7A5A00B6CE0E /* ORHS_InteractTests.swift in Sources */ = {isa = PBXBuildFile; fileRef = 56FF34ED1CFE7A5A00B6CE0E /* ORHS_InteractTests.swift */; };
		56FF34F91CFE7A5A00B6CE0E /* ORHS_InteractUITests.swift in Sources */ = {isa = PBXBuildFile; fileRef = 56FF34F81CFE7A5A00B6CE0E /* ORHS_InteractUITests.swift */; };
		7CB6634436C9B930A8B1FB20 /* Pods_ORHS_InteractUITests.framework in Frameworks */ = {isa = PBXBuildFile; fileRef = 3DDBEA212D72820921143AD3 /* Pods_ORHS_InteractUITests.framework */; };
		9970AD18E97B4E23E8E59CA3 /* Pods_ORHS_InteractTests.framework in Frameworks */ = {isa = PBXBuildFile; fileRef = 784DB6A318194E546DA549A2 /* Pods_ORHS_InteractTests.framework */; };
/* End PBXBuildFile section */

/* Begin PBXContainerItemProxy section */
		56FF34EA1CFE7A5A00B6CE0E /* PBXContainerItemProxy */ = {
			isa = PBXContainerItemProxy;
			containerPortal = 56FF34CD1CFE7A5900B6CE0E /* Project object */;
			proxyType = 1;
			remoteGlobalIDString = 56FF34D41CFE7A5900B6CE0E;
			remoteInfo = "ORHS Interact";
		};
		56FF34F51CFE7A5A00B6CE0E /* PBXContainerItemProxy */ = {
			isa = PBXContainerItemProxy;
			containerPortal = 56FF34CD1CFE7A5900B6CE0E /* Project object */;
			proxyType = 1;
			remoteGlobalIDString = 56FF34D41CFE7A5900B6CE0E;
			remoteInfo = "ORHS Interact";
		};
/* End PBXContainerItemProxy section */

/* Begin PBXFileReference section */
		0BD85B20B19989347FF85EE7 /* Pods-ORHS InteractTests.debug.xcconfig */ = {isa = PBXFileReference; includeInIndex = 1; lastKnownFileType = text.xcconfig; name = "Pods-ORHS InteractTests.debug.xcconfig"; path = "Pods/Target Support Files/Pods-ORHS InteractTests/Pods-ORHS InteractTests.debug.xcconfig"; sourceTree = "<group>"; };
		18A99F1F1C78582024E63288 /* Pods-ORHS InteractUITests.debug.xcconfig */ = {isa = PBXFileReference; includeInIndex = 1; lastKnownFileType = text.xcconfig; name = "Pods-ORHS InteractUITests.debug.xcconfig"; path = "Pods/Target Support Files/Pods-ORHS InteractUITests/Pods-ORHS InteractUITests.debug.xcconfig"; sourceTree = "<group>"; };
		3CA70290FB29AA2A931DFEA2 /* Pods-ORHS InteractTests.release.xcconfig */ = {isa = PBXFileReference; includeInIndex = 1; lastKnownFileType = text.xcconfig; name = "Pods-ORHS InteractTests.release.xcconfig"; path = "Pods/Target Support Files/Pods-ORHS InteractTests/Pods-ORHS InteractTests.release.xcconfig"; sourceTree = "<group>"; };
		3DDBEA212D72820921143AD3 /* Pods_ORHS_InteractUITests.framework */ = {isa = PBXFileReference; explicitFileType = wrapper.framework; includeInIndex = 0; path = Pods_ORHS_InteractUITests.framework; sourceTree = BUILT_PRODUCTS_DIR; };
		56336E0C1CFE866600D3442B /* Roboto-Regular.ttf */ = {isa = PBXFileReference; lastKnownFileType = file; path = "Roboto-Regular.ttf"; sourceTree = "<group>"; };
		5663652B1D331F8200788F86 /* CustomNavigation.swift */ = {isa = PBXFileReference; fileEncoding = 4; lastKnownFileType = sourcecode.swift; path = CustomNavigation.swift; sourceTree = "<group>"; };
		5665133B1D358763001FD463 /* Event.swift */ = {isa = PBXFileReference; fileEncoding = 4; lastKnownFileType = sourcecode.swift; path = Event.swift; sourceTree = "<group>"; };
		5665133D1D358886001FD463 /* EventListCell.swift */ = {isa = PBXFileReference; fileEncoding = 4; lastKnownFileType = sourcecode.swift; path = EventListCell.swift; sourceTree = "<group>"; };
		5665278C1D3ABF1D0060198A /* EventsTableViewController.swift */ = {isa = PBXFileReference; fileEncoding = 4; lastKnownFileType = sourcecode.swift; path = EventsTableViewController.swift; sourceTree = "<group>"; };
		568928D51D3405E400D94DD2 /* SpreadsheetIntegration.swift */ = {isa = PBXFileReference; fileEncoding = 4; lastKnownFileType = sourcecode.swift; path = SpreadsheetIntegration.swift; sourceTree = "<group>"; };
		568F31E21D2B0E3B00AFDEB8 /* InfoViewController.swift */ = {isa = PBXFileReference; fileEncoding = 4; lastKnownFileType = sourcecode.swift; path = InfoViewController.swift; sourceTree = "<group>"; };
		5697303A1D1357CF00B9592C /* GoogleService-Info.plist */ = {isa = PBXFileReference; fileEncoding = 4; lastKnownFileType = text.plist.xml; path = "GoogleService-Info.plist"; sourceTree = "<group>"; };
		5697303E1D135F0100B9592C /* ORHS Interact-Bridging-Header.h */ = {isa = PBXFileReference; lastKnownFileType = sourcecode.c.h; path = "ORHS Interact-Bridging-Header.h"; sourceTree = "<group>"; };
		569B93581D2EF1B2005C52E1 /* StyleButton.swift */ = {isa = PBXFileReference; fileEncoding = 4; lastKnownFileType = sourcecode.swift; path = StyleButton.swift; sourceTree = "<group>"; };
		569B935A1D2EF85D005C52E1 /* ImageExtension.swift */ = {isa = PBXFileReference; fileEncoding = 4; lastKnownFileType = sourcecode.swift; name = ImageExtension.swift; path = ../ImageExtension.swift; sourceTree = "<group>"; };
		56A9375F1D2763D100269A5B /* HomeViewController.swift */ = {isa = PBXFileReference; fileEncoding = 4; lastKnownFileType = sourcecode.swift; path = HomeViewController.swift; sourceTree = "<group>"; };
		56A937631D27657300269A5B /* TabBarControllerSwipeExtension.swift */ = {isa = PBXFileReference; fileEncoding = 4; lastKnownFileType = sourcecode.swift; path = TabBarControllerSwipeExtension.swift; sourceTree = "<group>"; };
		56FF34D51CFE7A5A00B6CE0E /* ORHS Interact.app */ = {isa = PBXFileReference; explicitFileType = wrapper.application; includeInIndex = 0; path = "ORHS Interact.app"; sourceTree = BUILT_PRODUCTS_DIR; };
		56FF34D81CFE7A5A00B6CE0E /* AppDelegate.swift */ = {isa = PBXFileReference; lastKnownFileType = sourcecode.swift; path = AppDelegate.swift; sourceTree = "<group>"; usesTabs = 1; };
		56FF34DA1CFE7A5A00B6CE0E /* ViewController.swift */ = {isa = PBXFileReference; lastKnownFileType = sourcecode.swift; path = ViewController.swift; sourceTree = "<group>"; usesTabs = 1; };
		56FF34DD1CFE7A5A00B6CE0E /* Base */ = {isa = PBXFileReference; lastKnownFileType = file.storyboard; name = Base; path = Base.lproj/Main.storyboard; sourceTree = "<group>"; };
		56FF34DF1CFE7A5A00B6CE0E /* Assets.xcassets */ = {isa = PBXFileReference; lastKnownFileType = folder.assetcatalog; path = Assets.xcassets; sourceTree = "<group>"; };
		56FF34E21CFE7A5A00B6CE0E /* Base */ = {isa = PBXFileReference; lastKnownFileType = file.storyboard; name = Base; path = Base.lproj/LaunchScreen.storyboard; sourceTree = "<group>"; };
		56FF34E41CFE7A5A00B6CE0E /* Info.plist */ = {isa = PBXFileReference; lastKnownFileType = text.plist.xml; path = Info.plist; sourceTree = "<group>"; };
		56FF34E91CFE7A5A00B6CE0E /* ORHS InteractTests.xctest */ = {isa = PBXFileReference; explicitFileType = wrapper.cfbundle; includeInIndex = 0; path = "ORHS InteractTests.xctest"; sourceTree = BUILT_PRODUCTS_DIR; };
		56FF34ED1CFE7A5A00B6CE0E /* ORHS_InteractTests.swift */ = {isa = PBXFileReference; lastKnownFileType = sourcecode.swift; path = ORHS_InteractTests.swift; sourceTree = "<group>"; };
		56FF34EF1CFE7A5A00B6CE0E /* Info.plist */ = {isa = PBXFileReference; lastKnownFileType = text.plist.xml; path = Info.plist; sourceTree = "<group>"; };
		56FF34F41CFE7A5A00B6CE0E /* ORHS InteractUITests.xctest */ = {isa = PBXFileReference; explicitFileType = wrapper.cfbundle; includeInIndex = 0; path = "ORHS InteractUITests.xctest"; sourceTree = BUILT_PRODUCTS_DIR; };
		56FF34F81CFE7A5A00B6CE0E /* ORHS_InteractUITests.swift */ = {isa = PBXFileReference; lastKnownFileType = sourcecode.swift; path = ORHS_InteractUITests.swift; sourceTree = "<group>"; };
		56FF34FA1CFE7A5A00B6CE0E /* Info.plist */ = {isa = PBXFileReference; lastKnownFileType = text.plist.xml; path = Info.plist; sourceTree = "<group>"; };
		784DB6A318194E546DA549A2 /* Pods_ORHS_InteractTests.framework */ = {isa = PBXFileReference; explicitFileType = wrapper.framework; includeInIndex = 0; path = Pods_ORHS_InteractTests.framework; sourceTree = BUILT_PRODUCTS_DIR; };
		7A9B6C5F55D65422EAE25999 /* Pods-ORHS Interact.debug.xcconfig */ = {isa = PBXFileReference; includeInIndex = 1; lastKnownFileType = text.xcconfig; name = "Pods-ORHS Interact.debug.xcconfig"; path = "Pods/Target Support Files/Pods-ORHS Interact/Pods-ORHS Interact.debug.xcconfig"; sourceTree = "<group>"; };
		BFFE9EE53D245CD395C43B0C /* Pods-ORHS InteractUITests.release.xcconfig */ = {isa = PBXFileReference; includeInIndex = 1; lastKnownFileType = text.xcconfig; name = "Pods-ORHS InteractUITests.release.xcconfig"; path = "Pods/Target Support Files/Pods-ORHS InteractUITests/Pods-ORHS InteractUITests.release.xcconfig"; sourceTree = "<group>"; };
		C22B89D04ECB3DA7CC430964 /* Pods_ORHS_Interact.framework */ = {isa = PBXFileReference; explicitFileType = wrapper.framework; includeInIndex = 0; path = Pods_ORHS_Interact.framework; sourceTree = BUILT_PRODUCTS_DIR; };
		FBFB9835581A5DFCBA5A8C62 /* Pods-ORHS Interact.release.xcconfig */ = {isa = PBXFileReference; includeInIndex = 1; lastKnownFileType = text.xcconfig; name = "Pods-ORHS Interact.release.xcconfig"; path = "Pods/Target Support Files/Pods-ORHS Interact/Pods-ORHS Interact.release.xcconfig"; sourceTree = "<group>"; };
/* End PBXFileReference section */

/* Begin PBXFrameworksBuildPhase section */
		56FF34D21CFE7A5900B6CE0E /* Frameworks */ = {
			isa = PBXFrameworksBuildPhase;
			buildActionMask = 2147483647;
			files = (
				0E54E4817E9BC3B5D8C5D666 /* Pods_ORHS_Interact.framework in Frameworks */,
			);
			runOnlyForDeploymentPostprocessing = 0;
		};
		56FF34E61CFE7A5A00B6CE0E /* Frameworks */ = {
			isa = PBXFrameworksBuildPhase;
			buildActionMask = 2147483647;
			files = (
				9970AD18E97B4E23E8E59CA3 /* Pods_ORHS_InteractTests.framework in Frameworks */,
			);
			runOnlyForDeploymentPostprocessing = 0;
		};
		56FF34F11CFE7A5A00B6CE0E /* Frameworks */ = {
			isa = PBXFrameworksBuildPhase;
			buildActionMask = 2147483647;
			files = (
				7CB6634436C9B930A8B1FB20 /* Pods_ORHS_InteractUITests.framework in Frameworks */,
			);
			runOnlyForDeploymentPostprocessing = 0;
		};
/* End PBXFrameworksBuildPhase section */

/* Begin PBXGroup section */
		06E2C2E05326E89009B1DA08 /* Pods */ = {
			isa = PBXGroup;
			children = (
				7A9B6C5F55D65422EAE25999 /* Pods-ORHS Interact.debug.xcconfig */,
				FBFB9835581A5DFCBA5A8C62 /* Pods-ORHS Interact.release.xcconfig */,
				0BD85B20B19989347FF85EE7 /* Pods-ORHS InteractTests.debug.xcconfig */,
				3CA70290FB29AA2A931DFEA2 /* Pods-ORHS InteractTests.release.xcconfig */,
				18A99F1F1C78582024E63288 /* Pods-ORHS InteractUITests.debug.xcconfig */,
				BFFE9EE53D245CD395C43B0C /* Pods-ORHS InteractUITests.release.xcconfig */,
			);
			name = Pods;
			sourceTree = "<group>";
		};
		4F9542907EE6B25751A3029B /* Frameworks */ = {
			isa = PBXGroup;
			children = (
				C22B89D04ECB3DA7CC430964 /* Pods_ORHS_Interact.framework */,
				784DB6A318194E546DA549A2 /* Pods_ORHS_InteractTests.framework */,
				3DDBEA212D72820921143AD3 /* Pods_ORHS_InteractUITests.framework */,
			);
			name = Frameworks;
			sourceTree = "<group>";
		};
		56FF34CC1CFE7A5900B6CE0E = {
			isa = PBXGroup;
			children = (
				5697303A1D1357CF00B9592C /* GoogleService-Info.plist */,
				56336E0C1CFE866600D3442B /* Roboto-Regular.ttf */,
				56FF34D71CFE7A5A00B6CE0E /* ORHS Interact */,
				56FF34EC1CFE7A5A00B6CE0E /* ORHS InteractTests */,
				56FF34F71CFE7A5A00B6CE0E /* ORHS InteractUITests */,
				56FF34D61CFE7A5A00B6CE0E /* Products */,
				06E2C2E05326E89009B1DA08 /* Pods */,
				4F9542907EE6B25751A3029B /* Frameworks */,
				5697303E1D135F0100B9592C /* ORHS Interact-Bridging-Header.h */,
			);
			sourceTree = "<group>";
		};
		56FF34D61CFE7A5A00B6CE0E /* Products */ = {
			isa = PBXGroup;
			children = (
				56FF34D51CFE7A5A00B6CE0E /* ORHS Interact.app */,
				56FF34E91CFE7A5A00B6CE0E /* ORHS InteractTests.xctest */,
				56FF34F41CFE7A5A00B6CE0E /* ORHS InteractUITests.xctest */,
			);
			name = Products;
			sourceTree = "<group>";
		};
		56FF34D71CFE7A5A00B6CE0E /* ORHS Interact */ = {
			isa = PBXGroup;
			children = (
				569B93581D2EF1B2005C52E1 /* StyleButton.swift */,
				56A937631D27657300269A5B /* TabBarControllerSwipeExtension.swift */,
				56FF34D81CFE7A5A00B6CE0E /* AppDelegate.swift */,
				56FF34DA1CFE7A5A00B6CE0E /* ViewController.swift */,
				56FF34DC1CFE7A5A00B6CE0E /* Main.storyboard */,
				56A9375F1D2763D100269A5B /* HomeViewController.swift */,
				568F31E21D2B0E3B00AFDEB8 /* InfoViewController.swift */,
				569B935A1D2EF85D005C52E1 /* ImageExtension.swift */,
				5663652B1D331F8200788F86 /* CustomNavigation.swift */,
				56FF34DF1CFE7A5A00B6CE0E /* Assets.xcassets */,
				56FF34E11CFE7A5A00B6CE0E /* LaunchScreen.storyboard */,
				56FF34E41CFE7A5A00B6CE0E /* Info.plist */,
				568928D51D3405E400D94DD2 /* SpreadsheetIntegration.swift */,
				5665278C1D3ABF1D0060198A /* EventsTableViewController.swift */,
				5665133B1D358763001FD463 /* Event.swift */,
				5665133D1D358886001FD463 /* EventListCell.swift */,
			);
			path = "ORHS Interact";
			sourceTree = "<group>";
		};
		56FF34EC1CFE7A5A00B6CE0E /* ORHS InteractTests */ = {
			isa = PBXGroup;
			children = (
				56FF34ED1CFE7A5A00B6CE0E /* ORHS_InteractTests.swift */,
				56FF34EF1CFE7A5A00B6CE0E /* Info.plist */,
			);
			path = "ORHS InteractTests";
			sourceTree = "<group>";
		};
		56FF34F71CFE7A5A00B6CE0E /* ORHS InteractUITests */ = {
			isa = PBXGroup;
			children = (
				56FF34F81CFE7A5A00B6CE0E /* ORHS_InteractUITests.swift */,
				56FF34FA1CFE7A5A00B6CE0E /* Info.plist */,
			);
			path = "ORHS InteractUITests";
			sourceTree = "<group>";
		};
/* End PBXGroup section */

/* Begin PBXNativeTarget section */
		56FF34D41CFE7A5900B6CE0E /* ORHS Interact */ = {
			isa = PBXNativeTarget;
			buildConfigurationList = 56FF34FD1CFE7A5A00B6CE0E /* Build configuration list for PBXNativeTarget "ORHS Interact" */;
			buildPhases = (
				22DE58EF81659430C5BF363B /* [CP] Check Pods Manifest.lock */,
				56FF34D11CFE7A5900B6CE0E /* Sources */,
				56FF34D21CFE7A5900B6CE0E /* Frameworks */,
				56FF34D31CFE7A5900B6CE0E /* Resources */,
				407D7206EE1C27EFCC0A32B9 /* [CP] Embed Pods Frameworks */,
				2672C981C3343A2C8823E116 /* [CP] Copy Pods Resources */,
			);
			buildRules = (
			);
			dependencies = (
			);
			name = "ORHS Interact";
			productName = "ORHS Interact";
			productReference = 56FF34D51CFE7A5A00B6CE0E /* ORHS Interact.app */;
			productType = "com.apple.product-type.application";
		};
		56FF34E81CFE7A5A00B6CE0E /* ORHS InteractTests */ = {
			isa = PBXNativeTarget;
			buildConfigurationList = 56FF35001CFE7A5A00B6CE0E /* Build configuration list for PBXNativeTarget "ORHS InteractTests" */;
			buildPhases = (
				EF32107FE4D565266BAA7010 /* [CP] Check Pods Manifest.lock */,
				56FF34E51CFE7A5A00B6CE0E /* Sources */,
				56FF34E61CFE7A5A00B6CE0E /* Frameworks */,
				56FF34E71CFE7A5A00B6CE0E /* Resources */,
				294263C3DEA5831B265376E7 /* [CP] Embed Pods Frameworks */,
				6E51E1BCD6221F6039FA3B49 /* [CP] Copy Pods Resources */,
			);
			buildRules = (
			);
			dependencies = (
				56FF34EB1CFE7A5A00B6CE0E /* PBXTargetDependency */,
			);
			name = "ORHS InteractTests";
			productName = "ORHS InteractTests";
			productReference = 56FF34E91CFE7A5A00B6CE0E /* ORHS InteractTests.xctest */;
			productType = "com.apple.product-type.bundle.unit-test";
		};
		56FF34F31CFE7A5A00B6CE0E /* ORHS InteractUITests */ = {
			isa = PBXNativeTarget;
			buildConfigurationList = 56FF35031CFE7A5A00B6CE0E /* Build configuration list for PBXNativeTarget "ORHS InteractUITests" */;
			buildPhases = (
				1B5385F60FF69FD37B1D51A9 /* [CP] Check Pods Manifest.lock */,
				56FF34F01CFE7A5A00B6CE0E /* Sources */,
				56FF34F11CFE7A5A00B6CE0E /* Frameworks */,
				56FF34F21CFE7A5A00B6CE0E /* Resources */,
				8E027A6D44BDA66C9FF2BC83 /* [CP] Copy Pods Resources */,
			);
			buildRules = (
			);
			dependencies = (
				56FF34F61CFE7A5A00B6CE0E /* PBXTargetDependency */,
			);
			name = "ORHS InteractUITests";
			productName = "ORHS InteractUITests";
			productReference = 56FF34F41CFE7A5A00B6CE0E /* ORHS InteractUITests.xctest */;
			productType = "com.apple.product-type.bundle.ui-testing";
		};
/* End PBXNativeTarget section */

/* Begin PBXProject section */
		56FF34CD1CFE7A5900B6CE0E /* Project object */ = {
			isa = PBXProject;
			attributes = {
				LastSwiftUpdateCheck = 0730;
				LastUpgradeCheck = 0730;
				ORGANIZATIONNAME = "Web and App Development";
				TargetAttributes = {
					56FF34D41CFE7A5900B6CE0E = {
						CreatedOnToolsVersion = 7.3.1;
						DevelopmentTeam = W54MNZG9S5;
					};
					56FF34E81CFE7A5A00B6CE0E = {
						CreatedOnToolsVersion = 7.3.1;
						TestTargetID = 56FF34D41CFE7A5900B6CE0E;
					};
					56FF34F31CFE7A5A00B6CE0E = {
						CreatedOnToolsVersion = 7.3.1;
						TestTargetID = 56FF34D41CFE7A5900B6CE0E;
					};
				};
			};
			buildConfigurationList = 56FF34D01CFE7A5900B6CE0E /* Build configuration list for PBXProject "ORHS Interact" */;
			compatibilityVersion = "Xcode 3.2";
			developmentRegion = English;
			hasScannedForEncodings = 0;
			knownRegions = (
				en,
				Base,
			);
			mainGroup = 56FF34CC1CFE7A5900B6CE0E;
			productRefGroup = 56FF34D61CFE7A5A00B6CE0E /* Products */;
			projectDirPath = "";
			projectRoot = "";
			targets = (
				56FF34D41CFE7A5900B6CE0E /* ORHS Interact */,
				56FF34E81CFE7A5A00B6CE0E /* ORHS InteractTests */,
				56FF34F31CFE7A5A00B6CE0E /* ORHS InteractUITests */,
			);
		};
/* End PBXProject section */

/* Begin PBXResourcesBuildPhase section */
		56FF34D31CFE7A5900B6CE0E /* Resources */ = {
			isa = PBXResourcesBuildPhase;
			buildActionMask = 2147483647;
			files = (
				56FF34E31CFE7A5A00B6CE0E /* LaunchScreen.storyboard in Resources */,
				56FF34E01CFE7A5A00B6CE0E /* Assets.xcassets in Resources */,
				5697303B1D1357CF00B9592C /* GoogleService-Info.plist in Resources */,
				56336E0D1CFE866600D3442B /* Roboto-Regular.ttf in Resources */,
				56FF34DE1CFE7A5A00B6CE0E /* Main.storyboard in Resources */,
			);
			runOnlyForDeploymentPostprocessing = 0;
		};
		56FF34E71CFE7A5A00B6CE0E /* Resources */ = {
			isa = PBXResourcesBuildPhase;
			buildActionMask = 2147483647;
			files = (
				5697303C1D1357F100B9592C /* GoogleService-Info.plist in Resources */,
			);
			runOnlyForDeploymentPostprocessing = 0;
		};
		56FF34F21CFE7A5A00B6CE0E /* Resources */ = {
			isa = PBXResourcesBuildPhase;
			buildActionMask = 2147483647;
			files = (
				5697303D1D1357F200B9592C /* GoogleService-Info.plist in Resources */,
			);
			runOnlyForDeploymentPostprocessing = 0;
		};
/* End PBXResourcesBuildPhase section */

/* Begin PBXShellScriptBuildPhase section */
		1B5385F60FF69FD37B1D51A9 /* [CP] Check Pods Manifest.lock */ = {
			isa = PBXShellScriptBuildPhase;
			buildActionMask = 2147483647;
			files = (
			);
			inputPaths = (
			);
			name = "[CP] Check Pods Manifest.lock";
			outputPaths = (
			);
			runOnlyForDeploymentPostprocessing = 0;
			shellPath = /bin/sh;
			shellScript = "diff \"${PODS_ROOT}/../Podfile.lock\" \"${PODS_ROOT}/Manifest.lock\" > /dev/null\nif [[ $? != 0 ]] ; then\n    cat << EOM\nerror: The sandbox is not in sync with the Podfile.lock. Run 'pod install' or update your CocoaPods installation.\nEOM\n    exit 1\nfi\n";
			showEnvVarsInLog = 0;
		};
		22DE58EF81659430C5BF363B /* [CP] Check Pods Manifest.lock */ = {
			isa = PBXShellScriptBuildPhase;
			buildActionMask = 2147483647;
			files = (
			);
			inputPaths = (
			);
			name = "[CP] Check Pods Manifest.lock";
			outputPaths = (
			);
			runOnlyForDeploymentPostprocessing = 0;
			shellPath = /bin/sh;
			shellScript = "diff \"${PODS_ROOT}/../Podfile.lock\" \"${PODS_ROOT}/Manifest.lock\" > /dev/null\nif [[ $? != 0 ]] ; then\n    cat << EOM\nerror: The sandbox is not in sync with the Podfile.lock. Run 'pod install' or update your CocoaPods installation.\nEOM\n    exit 1\nfi\n";
			showEnvVarsInLog = 0;
		};
		2672C981C3343A2C8823E116 /* [CP] Copy Pods Resources */ = {
			isa = PBXShellScriptBuildPhase;
			buildActionMask = 2147483647;
			files = (
			);
			inputPaths = (
			);
			name = "[CP] Copy Pods Resources";
			outputPaths = (
			);
			runOnlyForDeploymentPostprocessing = 0;
			shellPath = /bin/sh;
			shellScript = "\"${SRCROOT}/Pods/Target Support Files/Pods-ORHS Interact/Pods-ORHS Interact-resources.sh\"\n";
			showEnvVarsInLog = 0;
		};
		294263C3DEA5831B265376E7 /* [CP] Embed Pods Frameworks */ = {
			isa = PBXShellScriptBuildPhase;
			buildActionMask = 2147483647;
			files = (
			);
			inputPaths = (
			);
			name = "[CP] Embed Pods Frameworks";
			outputPaths = (
			);
			runOnlyForDeploymentPostprocessing = 0;
			shellPath = /bin/sh;
			shellScript = "\"${SRCROOT}/Pods/Target Support Files/Pods-ORHS InteractTests/Pods-ORHS InteractTests-frameworks.sh\"\n";
			showEnvVarsInLog = 0;
		};
		407D7206EE1C27EFCC0A32B9 /* [CP] Embed Pods Frameworks */ = {
			isa = PBXShellScriptBuildPhase;
			buildActionMask = 2147483647;
			files = (
			);
			inputPaths = (
			);
			name = "[CP] Embed Pods Frameworks";
			outputPaths = (
			);
			runOnlyForDeploymentPostprocessing = 0;
			shellPath = /bin/sh;
			shellScript = "\"${SRCROOT}/Pods/Target Support Files/Pods-ORHS Interact/Pods-ORHS Interact-frameworks.sh\"\n";
			showEnvVarsInLog = 0;
		};
		6E51E1BCD6221F6039FA3B49 /* [CP] Copy Pods Resources */ = {
			isa = PBXShellScriptBuildPhase;
			buildActionMask = 2147483647;
			files = (
			);
			inputPaths = (
			);
			name = "[CP] Copy Pods Resources";
			outputPaths = (
			);
			runOnlyForDeploymentPostprocessing = 0;
			shellPath = /bin/sh;
			shellScript = "\"${SRCROOT}/Pods/Target Support Files/Pods-ORHS InteractTests/Pods-ORHS InteractTests-resources.sh\"\n";
			showEnvVarsInLog = 0;
		};
		8E027A6D44BDA66C9FF2BC83 /* [CP] Copy Pods Resources */ = {
			isa = PBXShellScriptBuildPhase;
			buildActionMask = 2147483647;
			files = (
			);
			inputPaths = (
			);
			name = "[CP] Copy Pods Resources";
			outputPaths = (
			);
			runOnlyForDeploymentPostprocessing = 0;
			shellPath = /bin/sh;
			shellScript = "\"${SRCROOT}/Pods/Target Support Files/Pods-ORHS InteractUITests/Pods-ORHS InteractUITests-resources.sh\"\n";
			showEnvVarsInLog = 0;
		};
		EF32107FE4D565266BAA7010 /* [CP] Check Pods Manifest.lock */ = {
			isa = PBXShellScriptBuildPhase;
			buildActionMask = 2147483647;
			files = (
			);
			inputPaths = (
			);
			name = "[CP] Check Pods Manifest.lock";
			outputPaths = (
			);
			runOnlyForDeploymentPostprocessing = 0;
			shellPath = /bin/sh;
			shellScript = "diff \"${PODS_ROOT}/../Podfile.lock\" \"${PODS_ROOT}/Manifest.lock\" > /dev/null\nif [[ $? != 0 ]] ; then\n    cat << EOM\nerror: The sandbox is not in sync with the Podfile.lock. Run 'pod install' or update your CocoaPods installation.\nEOM\n    exit 1\nfi\n";
			showEnvVarsInLog = 0;
		};
/* End PBXShellScriptBuildPhase section */

/* Begin PBXSourcesBuildPhase section */
		56FF34D11CFE7A5900B6CE0E /* Sources */ = {
			isa = PBXSourcesBuildPhase;
			buildActionMask = 2147483647;
			files = (
				56A937641D27657300269A5B /* TabBarControllerSwipeExtension.swift in Sources */,
				569B93591D2EF1B2005C52E1 /* StyleButton.swift in Sources */,
				5665278D1D3ABF1D0060198A /* EventsTableViewController.swift in Sources */,
				56FF34DB1CFE7A5A00B6CE0E /* ViewController.swift in Sources */,
				569B935B1D2EF85D005C52E1 /* ImageExtension.swift in Sources */,
				5665133C1D358763001FD463 /* Event.swift in Sources */,
				568928D61D3405E400D94DD2 /* SpreadsheetIntegration.swift in Sources */,
				5663652C1D331F8200788F86 /* CustomNavigation.swift in Sources */,
				56FF34D91CFE7A5A00B6CE0E /* AppDelegate.swift in Sources */,
				56A937601D2763D100269A5B /* HomeViewController.swift in Sources */,
				568F31E31D2B0E3B00AFDEB8 /* InfoViewController.swift in Sources */,
				5665133E1D358886001FD463 /* EventListCell.swift in Sources */,
			);
			runOnlyForDeploymentPostprocessing = 0;
		};
		56FF34E51CFE7A5A00B6CE0E /* Sources */ = {
			isa = PBXSourcesBuildPhase;
			buildActionMask = 2147483647;
			files = (
				56FF34EE1CFE7A5A00B6CE0E /* ORHS_InteractTests.swift in Sources */,
			);
			runOnlyForDeploymentPostprocessing = 0;
		};
		56FF34F01CFE7A5A00B6CE0E /* Sources */ = {
			isa = PBXSourcesBuildPhase;
			buildActionMask = 2147483647;
			files = (
				56FF34F91CFE7A5A00B6CE0E /* ORHS_InteractUITests.swift in Sources */,
			);
			runOnlyForDeploymentPostprocessing = 0;
		};
/* End PBXSourcesBuildPhase section */

/* Begin PBXTargetDependency section */
		56FF34EB1CFE7A5A00B6CE0E /* PBXTargetDependency */ = {
			isa = PBXTargetDependency;
			target = 56FF34D41CFE7A5900B6CE0E /* ORHS Interact */;
			targetProxy = 56FF34EA1CFE7A5A00B6CE0E /* PBXContainerItemProxy */;
		};
		56FF34F61CFE7A5A00B6CE0E /* PBXTargetDependency */ = {
			isa = PBXTargetDependency;
			target = 56FF34D41CFE7A5900B6CE0E /* ORHS Interact */;
			targetProxy = 56FF34F51CFE7A5A00B6CE0E /* PBXContainerItemProxy */;
		};
/* End PBXTargetDependency section */

/* Begin PBXVariantGroup section */
		56FF34DC1CFE7A5A00B6CE0E /* Main.storyboard */ = {
			isa = PBXVariantGroup;
			children = (
				56FF34DD1CFE7A5A00B6CE0E /* Base */,
			);
			name = Main.storyboard;
			sourceTree = "<group>";
		};
		56FF34E11CFE7A5A00B6CE0E /* LaunchScreen.storyboard */ = {
			isa = PBXVariantGroup;
			children = (
				56FF34E21CFE7A5A00B6CE0E /* Base */,
			);
			name = LaunchScreen.storyboard;
			sourceTree = "<group>";
		};
/* End PBXVariantGroup section */

/* Begin XCBuildConfiguration section */
		56FF34FB1CFE7A5A00B6CE0E /* Debug */ = {
			isa = XCBuildConfiguration;
			buildSettings = {
				ALWAYS_SEARCH_USER_PATHS = NO;
				CLANG_ANALYZER_NONNULL = YES;
				CLANG_CXX_LANGUAGE_STANDARD = "gnu++0x";
				CLANG_CXX_LIBRARY = "libc++";
				CLANG_ENABLE_MODULES = YES;
				CLANG_ENABLE_OBJC_ARC = YES;
				CLANG_WARN_BOOL_CONVERSION = YES;
				CLANG_WARN_CONSTANT_CONVERSION = YES;
				CLANG_WARN_DIRECT_OBJC_ISA_USAGE = YES_ERROR;
				CLANG_WARN_EMPTY_BODY = YES;
				CLANG_WARN_ENUM_CONVERSION = YES;
				CLANG_WARN_INT_CONVERSION = YES;
				CLANG_WARN_OBJC_ROOT_CLASS = YES_ERROR;
				CLANG_WARN_UNREACHABLE_CODE = YES;
				CLANG_WARN__DUPLICATE_METHOD_MATCH = YES;
				"CODE_SIGN_IDENTITY[sdk=iphoneos*]" = "iPhone Developer";
				COPY_PHASE_STRIP = NO;
				DEBUG_INFORMATION_FORMAT = dwarf;
				ENABLE_STRICT_OBJC_MSGSEND = YES;
				ENABLE_TESTABILITY = YES;
				GCC_C_LANGUAGE_STANDARD = gnu99;
				GCC_DYNAMIC_NO_PIC = NO;
				GCC_NO_COMMON_BLOCKS = YES;
				GCC_OPTIMIZATION_LEVEL = 0;
				GCC_PREPROCESSOR_DEFINITIONS = (
					"DEBUG=1",
					"$(inherited)",
				);
				GCC_WARN_64_TO_32_BIT_CONVERSION = YES;
				GCC_WARN_ABOUT_RETURN_TYPE = YES_ERROR;
				GCC_WARN_UNDECLARED_SELECTOR = YES;
				GCC_WARN_UNINITIALIZED_AUTOS = YES_AGGRESSIVE;
				GCC_WARN_UNUSED_FUNCTION = YES;
				GCC_WARN_UNUSED_VARIABLE = YES;
				IPHONEOS_DEPLOYMENT_TARGET = 9.3;
				MTL_ENABLE_DEBUG_INFO = YES;
				ONLY_ACTIVE_ARCH = YES;
				SDKROOT = iphoneos;
				SWIFT_OPTIMIZATION_LEVEL = "-Onone";
			};
			name = Debug;
		};
		56FF34FC1CFE7A5A00B6CE0E /* Release */ = {
			isa = XCBuildConfiguration;
			buildSettings = {
				ALWAYS_SEARCH_USER_PATHS = NO;
				CLANG_ANALYZER_NONNULL = YES;
				CLANG_CXX_LANGUAGE_STANDARD = "gnu++0x";
				CLANG_CXX_LIBRARY = "libc++";
				CLANG_ENABLE_MODULES = YES;
				CLANG_ENABLE_OBJC_ARC = YES;
				CLANG_WARN_BOOL_CONVERSION = YES;
				CLANG_WARN_CONSTANT_CONVERSION = YES;
				CLANG_WARN_DIRECT_OBJC_ISA_USAGE = YES_ERROR;
				CLANG_WARN_EMPTY_BODY = YES;
				CLANG_WARN_ENUM_CONVERSION = YES;
				CLANG_WARN_INT_CONVERSION = YES;
				CLANG_WARN_OBJC_ROOT_CLASS = YES_ERROR;
				CLANG_WARN_UNREACHABLE_CODE = YES;
				CLANG_WARN__DUPLICATE_METHOD_MATCH = YES;
				"CODE_SIGN_IDENTITY[sdk=iphoneos*]" = "iPhone Developer";
				COPY_PHASE_STRIP = NO;
				DEBUG_INFORMATION_FORMAT = "dwarf-with-dsym";
				ENABLE_NS_ASSERTIONS = NO;
				ENABLE_STRICT_OBJC_MSGSEND = YES;
				GCC_C_LANGUAGE_STANDARD = gnu99;
				GCC_NO_COMMON_BLOCKS = YES;
				GCC_WARN_64_TO_32_BIT_CONVERSION = YES;
				GCC_WARN_ABOUT_RETURN_TYPE = YES_ERROR;
				GCC_WARN_UNDECLARED_SELECTOR = YES;
				GCC_WARN_UNINITIALIZED_AUTOS = YES_AGGRESSIVE;
				GCC_WARN_UNUSED_FUNCTION = YES;
				GCC_WARN_UNUSED_VARIABLE = YES;
				IPHONEOS_DEPLOYMENT_TARGET = 9.3;
				MTL_ENABLE_DEBUG_INFO = NO;
				SDKROOT = iphoneos;
				VALIDATE_PRODUCT = YES;
			};
			name = Release;
		};
		56FF34FE1CFE7A5A00B6CE0E /* Debug */ = {
			isa = XCBuildConfiguration;
			baseConfigurationReference = 7A9B6C5F55D65422EAE25999 /* Pods-ORHS Interact.debug.xcconfig */;
			buildSettings = {
				ASSETCATALOG_COMPILER_APPICON_NAME = AppIcon;
				CLANG_ENABLE_MODULES = YES;
				CODE_SIGN_IDENTITY = "iPhone Developer";
				"CODE_SIGN_IDENTITY[sdk=iphoneos*]" = "iPhone Developer";
				INFOPLIST_FILE = "ORHS Interact/Info.plist";
				LD_RUNPATH_SEARCH_PATHS = "$(inherited) @executable_path/Frameworks";
				PRODUCT_BUNDLE_IDENTIFIER = "com.WAD.ORHS-Interact";
				PRODUCT_NAME = "$(TARGET_NAME)";
				PROVISIONING_PROFILE = "";
				SWIFT_OBJC_BRIDGING_HEADER = "ORHS Interact-Bridging-Header.h";
				SWIFT_OPTIMIZATION_LEVEL = "-Onone";
			};
			name = Debug;
		};
		56FF34FF1CFE7A5A00B6CE0E /* Release */ = {
			isa = XCBuildConfiguration;
			baseConfigurationReference = FBFB9835581A5DFCBA5A8C62 /* Pods-ORHS Interact.release.xcconfig */;
			buildSettings = {
				ASSETCATALOG_COMPILER_APPICON_NAME = AppIcon;
				CLANG_ENABLE_MODULES = YES;
				CODE_SIGN_IDENTITY = "iPhone Developer";
				"CODE_SIGN_IDENTITY[sdk=iphoneos*]" = "iPhone Developer";
				INFOPLIST_FILE = "ORHS Interact/Info.plist";
				LD_RUNPATH_SEARCH_PATHS = "$(inherited) @executable_path/Frameworks";
				PRODUCT_BUNDLE_IDENTIFIER = "com.WAD.ORHS-Interact";
				PRODUCT_NAME = "$(TARGET_NAME)";
				PROVISIONING_PROFILE = "";
				SWIFT_OBJC_BRIDGING_HEADER = "ORHS Interact-Bridging-Header.h";
			};
			name = Release;
		};
		56FF35011CFE7A5A00B6CE0E /* Debug */ = {
			isa = XCBuildConfiguration;
			baseConfigurationReference = 0BD85B20B19989347FF85EE7 /* Pods-ORHS InteractTests.debug.xcconfig */;
			buildSettings = {
				BUNDLE_LOADER = "$(TEST_HOST)";
				INFOPLIST_FILE = "ORHS InteractTests/Info.plist";
				LD_RUNPATH_SEARCH_PATHS = "$(inherited) @executable_path/Frameworks @loader_path/Frameworks";
				PRODUCT_BUNDLE_IDENTIFIER = "com.WAD.ORHS-InteractTests";
				PRODUCT_NAME = "$(TARGET_NAME)";
				TEST_HOST = "$(BUILT_PRODUCTS_DIR)/ORHS Interact.app/ORHS Interact";
			};
			name = Debug;
		};
		56FF35021CFE7A5A00B6CE0E /* Release */ = {
			isa = XCBuildConfiguration;
			baseConfigurationReference = 3CA70290FB29AA2A931DFEA2 /* Pods-ORHS InteractTests.release.xcconfig */;
			buildSettings = {
				BUNDLE_LOADER = "$(TEST_HOST)";
				INFOPLIST_FILE = "ORHS InteractTests/Info.plist";
				LD_RUNPATH_SEARCH_PATHS = "$(inherited) @executable_path/Frameworks @loader_path/Frameworks";
				PRODUCT_BUNDLE_IDENTIFIER = "com.WAD.ORHS-InteractTests";
				PRODUCT_NAME = "$(TARGET_NAME)";
				TEST_HOST = "$(BUILT_PRODUCTS_DIR)/ORHS Interact.app/ORHS Interact";
			};
			name = Release;
		};
		56FF35041CFE7A5A00B6CE0E /* Debug */ = {
			isa = XCBuildConfiguration;
			baseConfigurationReference = 18A99F1F1C78582024E63288 /* Pods-ORHS InteractUITests.debug.xcconfig */;
			buildSettings = {
				INFOPLIST_FILE = "ORHS InteractUITests/Info.plist";
				LD_RUNPATH_SEARCH_PATHS = "$(inherited) @executable_path/Frameworks @loader_path/Frameworks";
				PRODUCT_BUNDLE_IDENTIFIER = "com.WAD.ORHS-InteractUITests";
				PRODUCT_NAME = "$(TARGET_NAME)";
				TEST_TARGET_NAME = "ORHS Interact";
			};
			name = Debug;
		};
		56FF35051CFE7A5A00B6CE0E /* Release */ = {
			isa = XCBuildConfiguration;
			baseConfigurationReference = BFFE9EE53D245CD395C43B0C /* Pods-ORHS InteractUITests.release.xcconfig */;
			buildSettings = {
				INFOPLIST_FILE = "ORHS InteractUITests/Info.plist";
				LD_RUNPATH_SEARCH_PATHS = "$(inherited) @executable_path/Frameworks @loader_path/Frameworks";
				PRODUCT_BUNDLE_IDENTIFIER = "com.WAD.ORHS-InteractUITests";
				PRODUCT_NAME = "$(TARGET_NAME)";
				TEST_TARGET_NAME = "ORHS Interact";
			};
			name = Release;
		};
/* End XCBuildConfiguration section */

/* Begin XCConfigurationList section */
		56FF34D01CFE7A5900B6CE0E /* Build configuration list for PBXProject "ORHS Interact" */ = {
			isa = XCConfigurationList;
			buildConfigurations = (
				56FF34FB1CFE7A5A00B6CE0E /* Debug */,
				56FF34FC1CFE7A5A00B6CE0E /* Release */,
			);
			defaultConfigurationIsVisible = 0;
			defaultConfigurationName = Release;
		};
		56FF34FD1CFE7A5A00B6CE0E /* Build configuration list for PBXNativeTarget "ORHS Interact" */ = {
			isa = XCConfigurationList;
			buildConfigurations = (
				56FF34FE1CFE7A5A00B6CE0E /* Debug */,
				56FF34FF1CFE7A5A00B6CE0E /* Release */,
			);
			defaultConfigurationIsVisible = 0;
			defaultConfigurationName = Release;
		};
		56FF35001CFE7A5A00B6CE0E /* Build configuration list for PBXNativeTarget "ORHS InteractTests" */ = {
			isa = XCConfigurationList;
			buildConfigurations = (
				56FF35011CFE7A5A00B6CE0E /* Debug */,
				56FF35021CFE7A5A00B6CE0E /* Release */,
			);
			defaultConfigurationIsVisible = 0;
			defaultConfigurationName = Release;
		};
		56FF35031CFE7A5A00B6CE0E /* Build configuration list for PBXNativeTarget "ORHS InteractUITests" */ = {
			isa = XCConfigurationList;
			buildConfigurations = (
				56FF35041CFE7A5A00B6CE0E /* Debug */,
				56FF35051CFE7A5A00B6CE0E /* Release */,
			);
			defaultConfigurationIsVisible = 0;
			defaultConfigurationName = Release;
		};
/* End XCConfigurationList section */
	};
	rootObject = 56FF34CD1CFE7A5900B6CE0E /* Project object */;
}
